
Microsoft Visual Studio Solution File, Format Version 12.00
# Visual Studio Version 16
VisualStudioVersion = 16.0.29230.47
MinimumVisualStudioVersion = 10.0.40219.1
Project("{FAE04EC0-301F-11D3-BF4B-00C04F79EFBC}") = "warcraftlogs", "warcraftlogs.csproj", "{9141E678-5FD9-46E6-A68F-CE8CAD66E647}"
EndProject
Global
	GlobalSection(SolutionConfigurationPlatforms) = preSolution
		Debug|Any CPU = Debug|Any CPU
		Release|Any CPU = Release|Any CPU
	EndGlobalSection
	GlobalSection(ProjectConfigurationPlatforms) = postSolution
		{9141E678-5FD9-46E6-A68F-CE8CAD66E647}.Debug|Any CPU.ActiveCfg = Debug|Any CPU
		{9141E678-5FD9-46E6-A68F-CE8CAD66E647}.Debug|Any CPU.Build.0 = Debug|Any CPU
		{9141E678-5FD9-46E6-A68F-CE8CAD66E647}.Release|Any CPU.ActiveCfg = Release|Any CPU
		{9141E678-5FD9-46E6-A68F-CE8CAD66E647}.Release|Any CPU.Build.0 = Release|Any CPU
	EndGlobalSection
	GlobalSection(SolutionProperties) = preSolution
		HideSolutionNode = FALSE
	EndGlobalSection
	GlobalSection(ExtensibilityGlobals) = postSolution
		SolutionGuid = {A3EEF14E-76AF-4C16-815E-BFB4A570C15E}
	EndGlobalSection
EndGlobal
